PODS:
  - LaunchDarkly (8.0.0):
    - LaunchDarkly/Core (= 8.0.0)
  - LaunchDarkly/Core (8.0.0):
    - LDSwiftEventSource (= 3.0.0)
  - LDSwiftEventSource (3.0.0)

DEPENDENCIES:
  - LaunchDarkly (~> 8.0)

SPEC REPOS:
  trunk:
    - LaunchDarkly
    - LDSwiftEventSource

SPEC CHECKSUMS:
  LaunchDarkly: e73c26ce2fc2b719730e0dd38c9abe761e33287a
  LDSwiftEventSource: 824ce51a4fa8e79498c9b67ae672bfa802bd7464

PODFILE CHECKSUM: e3eb41cfdfffe086b2619b0bd7dcae272b727a0f

COCOAPODS: 1.11.3
